github.com/eclipse/paho.mqtt.golang v1.2.0 h1:1F8mhG9+aO5/xpdtFkW4SxOJB67ukuDC3t2y2qayIX0=
github.com/eclipse/paho.mqtt.golang v1.2.0/go.mod h1:H9keYFcgq3Qr5OUJm/JZI/i6U7joQ8SYLhZwfeOo6Ts=
github.com/hashicorp/errwrap v0.0.0-20141028054710-7554cd9344ce h1:prjrVgOk2Yg6w+PflHoszQNLTUh4kaByUcEWM/9uin4=
github.com/hashicorp/errwrap v0.0.0-20141028054710-7554cd9344ce/go.mod h1:YH+1FKiLXxHSkmPseP+kNlulaMuP3n2brvKWEqk/Jc4=
github.com/hashicorp/go-multierror v0.0.0-20170622060955-83588e72410a h1:RUacJnONqfKgDeok3I3IqMa8e5+B3qzBIbNK4dZK65k=
github.com/hashicorp/go-multierror v0.0.0-20170622060955-83588e72410a/go.mod h1:JMRHfdO9jKNzS/+BTlxCjKNQHg/jZAft8U7LloJvN7I=
github.com/inconshreveable/mousetrap v1.0.0 h1:Z8tu5sraLXCXIcARxBp/8cbvlwVa7Z1NHg9XEKhtSvM=
github.com/inconshreveable/mousetrap v1.0.0/go.mod h1:PxqpIevigyE2G7u3NXJIT2ANytuPF1OarO4DADm73n8=
github.com/kr/pretty v0.1.0 h1:L/CwN0zerZDmRFUapSPitk6f+Q3+0za1rQkzVuMiMFI=
github.com/kr/pretty v0.1.0/go.mod h1:dAy3ld7l9f0ibDNOQOHHMYYIIbhfbHSm3C4ZsoJORNo=
github.com/kr/pty v1.1.1/go.mod h1:pFQYn66WHrOpPYNljwOMqo10TkYh1fy3cYio2l3bCsQ=
github.com/kr/text v0.1.0 h1:45sCR5RtlFHMR4UwH9sdQ5TC8v0qDQCHnXt+kaKSTVE=
github.com/kr/text v0.1.0/go.mod h1:4Jbv+DJW3UT/LiOwJeYQe1efqtUx/iVham/4vfdArNI=
github.com/pkg/errors v0.8.0 h1:WdK/asTD0HN+q6hsWO3/vpuAkAr+tw6aNJNDFFf0+qw=
github.com/pkg/errors v0.8.0/go.mod h1:bwawxfHBFNV+L2hUp1rHADufV3IMtnDRdf1r5NINEl0=
github.com/sigurn/crc8 v0.0.0-20160107002456-e55481d6f45c h1:hk0Jigjfq59yDMgd6bzi22Das5tyxU0CtOkh7a9io84=
github.com/sigurn/crc8 v0.0.0-20160107002456-e55481d6f45c/go.mod h1:cyrWuItcOVIGX6fBZ/G00z4ykprWM7hH58fSavNkjRg=
github.com/sigurn/utils v0.0.0-20151230205143-f19e41f79f8f h1:fKe0QdNJw68NO8iUdbC+jlwaA7/pA8sw0caZkpeXFTc=
github.com/sigurn/utils v0.0.0-20151230205143-f19e41f79f8f/go.mod h1:VRI4lXkrUH5Cygl6mbG1BRUfMMoT2o8BkrtBDUAm+GU=
github.com/spf13/cobra v0.0.1 h1:zZh3X5aZbdnoj+4XkaBxKfhO4ot82icYdhhREIAXIj8=
github.com/spf13/cobra v0.0.1/go.mod h1:1l0Ry5zgKvJasoi3XT1TypsSe7PqH0Sj9dhYf7v3XqQ=
github.com/spf13/pflag v1.0.1-0.20171106142849-4c012f6dcd95 h1:j8jxLbQ0+T1DFggy6XoGvyUnrJWPR/JybflPvu5rwS4=
github.com/spf13/pflag v1.0.1-0.20171106142849-4c012f6dcd95/go.mod h1:DYY7MBk1bdzusC3SYhjObp+wFpr4gzcvqqNjLnInEg4=
gobot.io/x/gobot v1.7.1 h1:aSJbcZ87Jpg7UJctilIw6Fy2U9Kiua1FxgSViGLqaic=
gobot.io/x/gobot v1.7.1/go.mod h1:yQwOPKcHJsXOfrtPaszuiCm/QkUhSNvDwf8+BTrll1A=
golang.org/x/exp v0.0.0-20170929135935-be09b602c40b h1:PkXP2q2Pfogge0oDwL22d3xaSFHf9Cv3bk+B6Y5m56E=
golang.org/x/exp v0.0.0-20170929135935-be09b602c40b/go.mod h1:CJ0aWSM057203Lf6IL+f9T1iT9GByDxfZKAQTCR3kQA=
golang.org/x/net v0.0.0-20170828231752-66aacef3dd8a h1:DZGc/od29xzgmdBTGZL3zqLaoHS0O+qdIEYJNkOxDKM=
golang.org/x/net v0.0.0-20170828231752-66aacef3dd8a/go.mod h1:mL1N/T3taQHkDXs73rZJwtUhF3w3ftmwwsq0BUmARs4=
gopkg.in/check.v1 v1.0.0-20190902080502-41f04d3bba15 h1:YR8cESwS4TdDjEe65xsg0ogRM/Nc3DYOhEAlW+xobZo=
gopkg.in/check.v1 v1.0.0-20190902080502-41f04d3bba15/go.mod h1:Co6ibVJAznAaIkqp8huTwlJQCZ016jof/cbN4VW5Yz0=
gopkg.in/yaml.v2 v2.0.0-20171116090243-287cf08546ab h1:yZ6iByf7GKeJ3gsd1Dr/xaj1DyJ//wxKX1Cdh8LhoAw=
gopkg.in/yaml.v2 v2.0.0-20171116090243-287cf08546ab/go.mod h1:JAlM8MvJe8wmxCU4Bli9HhUf9+ttbYbLASfIpnQbh74=
